
Microsoft Visual Studio Solution File, Format Version 12.00
# Visual Studio Version 17
VisualStudioVersion = 17.10.35201.131
MinimumVisualStudioVersion = 10.0.40219.1
Project("{FAE04EC0-301F-11D3-BF4B-00C04F79EFBC}") = "WorkerService.Example", "WorkerService.Example\WorkerService.Example.csproj", "{DAAAC1EE-489A-4035-9B8E-0F7F04C235D6}"
EndProject
Project("{FAE04EC0-301F-11D3-BF4B-00C04F79EFBC}") = "WorkerService.Asp", "WorkerService.Asp\WorkerService.Asp.csproj", "{00509AA8-FF8C-401C-9CF3-CA7475ADDA39}"
EndProject
Global
	GlobalSection(SolutionConfigurationPlatforms) = preSolution
		Debug|Any CPU = Debug|Any CPU
		Release|Any CPU = Release|Any CPU
	EndGlobalSection
	GlobalSection(ProjectConfigurationPlatforms) = postSolution
		{DAAAC1EE-489A-4035-9B8E-0F7F04C235D6}.Debug|Any CPU.ActiveCfg = Debug|Any CPU
		{DAAAC1EE-489A-4035-9B8E-0F7F04C235D6}.Debug|Any CPU.Build.0 = Debug|Any CPU
		{DAAAC1EE-489A-4035-9B8E-0F7F04C235D6}.Release|Any CPU.ActiveCfg = Release|Any CPU
		{DAAAC1EE-489A-4035-9B8E-0F7F04C235D6}.Release|Any CPU.Build.0 = Release|Any CPU
		{00509AA8-FF8C-401C-9CF3-CA7475ADDA39}.Debug|Any CPU.ActiveCfg = Debug|Any CPU
		{00509AA8-FF8C-401C-9CF3-CA7475ADDA39}.Debug|Any CPU.Build.0 = Debug|Any CPU
		{00509AA8-FF8C-401C-9CF3-CA7475ADDA39}.Release|Any CPU.ActiveCfg = Release|Any CPU
		{00509AA8-FF8C-401C-9CF3-CA7475ADDA39}.Release|Any CPU.Build.0 = Release|Any CPU
	EndGlobalSection
	GlobalSection(SolutionProperties) = preSolution
		HideSolutionNode = FALSE
	EndGlobalSection
	GlobalSection(ExtensibilityGlobals) = postSolution
		SolutionGuid = {DF9B8FFA-233A-4C22-BE71-C26BCF3E6E71}
	EndGlobalSection
EndGlobal
